// !$*UTF8*$!
{
	archiveVersion = 1;
	classes = {
	};
	objectVersion = 46;
	objects = {

/* Begin PBXBuildFile section */
		FD315F831ABBA9D600407AD1 /* main.m in Sources */ = {isa = PBXBuildFile; fileRef = FD315F821ABBA9D600407AD1 /* main.m */; };
		FD315F861ABBA9D600407AD1 /* AppDelegate.m in Sources */ = {isa = PBXBuildFile; fileRef = FD315F851ABBA9D600407AD1 /* AppDelegate.m */; };
		FD315F8E1ABBA9D600407AD1 /* Images.xcassets in Resources */ = {isa = PBXBuildFile; fileRef = FD315F8D1ABBA9D600407AD1 /* Images.xcassets */; };
		FD315F911ABBA9D600407AD1 /* LaunchScreen.xib in Resources */ = {isa = PBXBuildFile; fileRef = FD315F8F1ABBA9D600407AD1 /* LaunchScreen.xib */; };
		FD315F9D1ABBA9D600407AD1 /* myappTests.m in Sources */ = {isa = PBXBuildFile; fileRef = FD315F9C1ABBA9D600407AD1 /* myappTests.m */; };
		FD68A7C11AD720070035E5E3 /* KMLParser.m in Sources */ = {isa = PBXBuildFile; fileRef = FD68A7C01AD720070035E5E3 /* KMLParser.m */; };
		FD68A7C31AD721250035E5E3 /* CoreGraphics.framework in Frameworks */ = {isa = PBXBuildFile; fileRef = FD68A7C21AD721250035E5E3 /* CoreGraphics.framework */; };
		FD68A7C51AD7212E0035E5E3 /* Foundation.framework in Frameworks */ = {isa = PBXBuildFile; fileRef = FD68A7C41AD7212E0035E5E3 /* Foundation.framework */; };
		FD68A7C71AD7213A0035E5E3 /* UIKit.framework in Frameworks */ = {isa = PBXBuildFile; fileRef = FD68A7C61AD7213A0035E5E3 /* UIKit.framework */; };
		FD68A7C91AD721440035E5E3 /* MapKit.framework in Frameworks */ = {isa = PBXBuildFile; fileRef = FD68A7C81AD721440035E5E3 /* MapKit.framework */; };
		FD68A7CB1AD7247B0035E5E3 /* sannicolas.kml in Resources */ = {isa = PBXBuildFile; fileRef = FD68A7CA1AD7247B0035E5E3 /* sannicolas.kml */; };
		FD68CB161AC332DB009FCD93 /* Firebase.framework in Frameworks */ = {isa = PBXBuildFile; fileRef = FD68CB151AC332DB009FCD93 /* Firebase.framework */; };
		FD68CB181AC3330A009FCD93 /* CFNetwork.framework in Frameworks */ = {isa = PBXBuildFile; fileRef = FD68CB171AC3330A009FCD93 /* CFNetwork.framework */; };
		FD68CB1A1AC33314009FCD93 /* Security.framework in Frameworks */ = {isa = PBXBuildFile; fileRef = FD68CB191AC33314009FCD93 /* Security.framework */; };
		FD8C3B981AD59E5600C47A02 /* GoogleMaps.bundle in Resources */ = {isa = PBXBuildFile; fileRef = FD8C3B971AD59E5600C47A02 /* GoogleMaps.bundle */; };
		FDBA542D1AD8640300CD1087 /* MasterTableViewController.m in Sources */ = {isa = PBXBuildFile; fileRef = FDBA542C1AD8640300CD1087 /* MasterTableViewController.m */; };
		FDBA54311AD867C700CD1087 /* valle1.kml in Resources */ = {isa = PBXBuildFile; fileRef = FDBA542E1AD867C700CD1087 /* valle1.kml */; };
		FDBA54321AD867C700CD1087 /* valle2.kml in Resources */ = {isa = PBXBuildFile; fileRef = FDBA542F1AD867C700CD1087 /* valle2.kml */; };
		FDBA54371AD867D000CD1087 /* lincoln.kml in Resources */ = {isa = PBXBuildFile; fileRef = FDBA54341AD867D000CD1087 /* lincoln.kml */; };
		FDBA54381AD867D000CD1087 /* lindavista.kml in Resources */ = {isa = PBXBuildFile; fileRef = FDBA54351AD867D000CD1087 /* lindavista.kml */; };
		FDBA54391AD867D000CD1087 /* sanjeronimo.kml in Resources */ = {isa = PBXBuildFile; fileRef = FDBA54361AD867D000CD1087 /* sanjeronimo.kml */; };
		FDBA543B1AD867D700CD1087 /* cumbres.kml in Resources */ = {isa = PBXBuildFile; fileRef = FDBA543A1AD867D700CD1087 /* cumbres.kml */; };
		FDBA543D1AD8680800CD1087 /* Main.storyboard in Resources */ = {isa = PBXBuildFile; fileRef = FDBA543C1AD8680800CD1087 /* Main.storyboard */; };
		FDBA54411AD86DBB00CD1087 /* valle3.kml in Resources */ = {isa = PBXBuildFile; fileRef = FDBA54401AD86DBB00CD1087 /* valle3.kml */; };
		FDFF752C1AC08D7800A59196 /* RutasViewController.m in Sources */ = {isa = PBXBuildFile; fileRef = FDFF752B1AC08D7800A59196 /* RutasViewController.m */; };
		FDFF752E1AC08E3100A59196 /* GoogleMaps.framework in Frameworks */ = {isa = PBXBuildFile; fileRef = FDFF752D1AC08E3100A59196 /* GoogleMaps.framework */; };
		FDFF75321AC08E7200A59196 /* CoreData.framework in Frameworks */ = {isa = PBXBuildFile; fileRef = FDFF75311AC08E7200A59196 /* CoreData.framework */; };
		FDFF75341AC08E7800A59196 /* CoreLocation.framework in Frameworks */ = {isa = PBXBuildFile; fileRef = FDFF75331AC08E7800A59196 /* CoreLocation.framework */; };
		FDFF75361AC08E8100A59196 /* AVFoundation.framework in Frameworks */ = {isa = PBXBuildFile; fileRef = FDFF75351AC08E8100A59196 /* AVFoundation.framework */; };
		FDFF75381AC08EA100A59196 /* CoreText.framework in Frameworks */ = {isa = PBXBuildFile; fileRef = FDFF75371AC08EA100A59196 /* CoreText.framework */; };
		FDFF753A1AC08EAF00A59196 /* GLKit.framework in Frameworks */ = {isa = PBXBuildFile; fileRef = FDFF75391AC08EAF00A59196 /* GLKit.framework */; };
		FDFF753C1AC08EB900A59196 /* ImageIO.framework in Frameworks */ = {isa = PBXBuildFile; fileRef = FDFF753B1AC08EB900A59196 /* ImageIO.framework */; };
		FDFF753E1AC08EC700A59196 /* libc++.dylib in Frameworks */ = {isa = PBXBuildFile; fileRef = FDFF753D1AC08EC700A59196 /* libc++.dylib */; };
		FDFF75401AC08ED600A59196 /* libicucore.dylib in Frameworks */ = {isa = PBXBuildFile; fileRef = FDFF753F1AC08ED600A59196 /* libicucore.dylib */; };
		FDFF75421AC08EE200A59196 /* libz.dylib in Frameworks */ = {isa = PBXBuildFile; fileRef = FDFF75411AC08EE200A59196 /* libz.dylib */; };
		FDFF75441AC08EEB00A59196 /* OpenGLES.framework in Frameworks */ = {isa = PBXBuildFile; fileRef = FDFF75431AC08EEB00A59196 /* OpenGLES.framework */; };
		FDFF75461AC08EF500A59196 /* QuartzCore.framework in Frameworks */ = {isa = PBXBuildFile; fileRef = FDFF75451AC08EF500A59196 /* QuartzCore.framework */; };
		FDFF75481AC08F0000A59196 /* SystemConfiguration.framework in Frameworks */ = {isa = PBXBuildFile; fileRef = FDFF75471AC08F0000A59196 /* SystemConfiguration.framework */; };
/* End PBXBuildFile section */

/* Begin PBXContainerItemProxy section */
		FD315F971ABBA9D600407AD1 /* PBXContainerItemProxy */ = {
			isa = PBXContainerItemProxy;
			containerPortal = FD315F751ABBA9D600407AD1 /* Project object */;
			proxyType = 1;
			remoteGlobalIDString = FD315F7C1ABBA9D600407AD1;
			remoteInfo = myapp;
		};
/* End PBXContainerItemProxy section */

/* Begin PBXFileReference section */
		FD2E74CC1AD6EA300064932D /* RutasViewController.h */ = {isa = PBXFileReference; lastKnownFileType = sourcecode.c.h; path = RutasViewController.h; sourceTree = "<group>"; };
		FD315F7D1ABBA9D600407AD1 /* myapp.app */ = {isa = PBXFileReference; explicitFileType = wrapper.application; includeInIndex = 0; path = myapp.app; sourceTree = BUILT_PRODUCTS_DIR; };
		FD315F811ABBA9D600407AD1 /* Info.plist */ = {isa = PBXFileReference; lastKnownFileType = text.plist.xml; path = Info.plist; sourceTree = "<group>"; };
		FD315F821ABBA9D600407AD1 /* main.m */ = {isa = PBXFileReference; lastKnownFileType = sourcecode.c.objc; path = main.m; sourceTree = "<group>"; };
		FD315F841ABBA9D600407AD1 /* AppDelegate.h */ = {isa = PBXFileReference; lastKnownFileType = sourcecode.c.h; path = AppDelegate.h; sourceTree = "<group>"; };
		FD315F851ABBA9D600407AD1 /* AppDelegate.m */ = {isa = PBXFileReference; lastKnownFileType = sourcecode.c.objc; path = AppDelegate.m; sourceTree = "<group>"; };
		FD315F8D1ABBA9D600407AD1 /* Images.xcassets */ = {isa = PBXFileReference; lastKnownFileType = folder.assetcatalog; path = Images.xcassets; sourceTree = "<group>"; };
		FD315F901ABBA9D600407AD1 /* Base */ = {isa = PBXFileReference; lastKnownFileType = file.xib; name = Base; path = Base.lproj/LaunchScreen.xib; sourceTree = "<group>"; };
		FD315F961ABBA9D600407AD1 /* myappTests.xctest */ = {isa = PBXFileReference; explicitFileType = wrapper.cfbundle; includeInIndex = 0; path = myappTests.xctest; sourceTree = BUILT_PRODUCTS_DIR; };
		FD315F9B1ABBA9D600407AD1 /* Info.plist */ = {isa = PBXFileReference; lastKnownFileType = text.plist.xml; path = Info.plist; sourceTree = "<group>"; };
		FD315F9C1ABBA9D600407AD1 /* myappTests.m */ = {isa = PBXFileReference; lastKnownFileType = sourcecode.c.objc; path = myappTests.m; sourceTree = "<group>"; };
		FD68A7BF1AD720070035E5E3 /* KMLParser.h */ = {isa = PBXFileReference; fileEncoding = 4; lastKnownFileType = sourcecode.c.h; path = KMLParser.h; sourceTree = "<group>"; };
		FD68A7C01AD720070035E5E3 /* KMLParser.m */ = {isa = PBXFileReference; fileEncoding = 4; lastKnownFileType = sourcecode.c.objc; path = KMLParser.m; sourceTree = "<group>"; };
		FD68A7C21AD721250035E5E3 /* CoreGraphics.framework */ = {isa = PBXFileReference; lastKnownFileType = wrapper.framework; name = CoreGraphics.framework; path = System/Library/Frameworks/CoreGraphics.framework; sourceTree = SDKROOT; };
		FD68A7C41AD7212E0035E5E3 /* Foundation.framework */ = {isa = PBXFileReference; lastKnownFileType = wrapper.framework; name = Foundation.framework; path = System/Library/Frameworks/Foundation.framework; sourceTree = SDKROOT; };
		FD68A7C61AD7213A0035E5E3 /* UIKit.framework */ = {isa = PBXFileReference; lastKnownFileType = wrapper.framework; name = UIKit.framework; path = System/Library/Frameworks/UIKit.framework; sourceTree = SDKROOT; };
		FD68A7C81AD721440035E5E3 /* MapKit.framework */ = {isa = PBXFileReference; lastKnownFileType = wrapper.framework; name = MapKit.framework; path = System/Library/Frameworks/MapKit.framework; sourceTree = SDKROOT; };
		FD68A7CA1AD7247B0035E5E3 /* sannicolas.kml */ = {isa = PBXFileReference; fileEncoding = 4; lastKnownFileType = text.xml; path = sannicolas.kml; sourceTree = "<group>"; };
		FD68CB151AC332DB009FCD93 /* Firebase.framework */ = {isa = PBXFileReference; lastKnownFileType = wrapper.framework; path = Firebase.framework; sourceTree = "<group>"; };
		FD68CB171AC3330A009FCD93 /* CFNetwork.framework */ = {isa = PBXFileReference; lastKnownFileType = wrapper.framework; name = CFNetwork.framework; path = System/Library/Frameworks/CFNetwork.framework; sourceTree = SDKROOT; };
		FD68CB191AC33314009FCD93 /* Security.framework */ = {isa = PBXFileReference; lastKnownFileType = wrapper.framework; name = Security.framework; path = System/Library/Frameworks/Security.framework; sourceTree = SDKROOT; };
		FD8C3B971AD59E5600C47A02 /* GoogleMaps.bundle */ = {isa = PBXFileReference; lastKnownFileType = "wrapper.plug-in"; name = GoogleMaps.bundle; path = "../../GoogleMaps-iOS-1.9.2/GoogleMaps.framework/Versions/A/Resources/GoogleMaps.bundle"; sourceTree = "<group>"; };
		FDBA542B1AD8640300CD1087 /* MasterTableViewController.h */ = {isa = PBXFileReference; fileEncoding = 4; lastKnownFileType = sourcecode.c.h; name = MasterTableViewController.h; path = ../MasterTableViewController.h; sourceTree = "<group>"; };
		FDBA542C1AD8640300CD1087 /* MasterTableViewController.m */ = {isa = PBXFileReference; fileEncoding = 4; lastKnownFileType = sourcecode.c.objc; name = MasterTableViewController.m; path = ../MasterTableViewController.m; sourceTree = "<group>"; };
		FDBA542E1AD867C700CD1087 /* valle1.kml */ = {isa = PBXFileReference; fileEncoding = 4; lastKnownFileType = text.xml; path = valle1.kml; sourceTree = "<group>"; };
		FDBA542F1AD867C700CD1087 /* valle2.kml */ = {isa = PBXFileReference; fileEncoding = 4; lastKnownFileType = text.xml; path = valle2.kml; sourceTree = "<group>"; };
		FDBA54341AD867D000CD1087 /* lincoln.kml */ = {isa = PBXFileReference; fileEncoding = 4; lastKnownFileType = text.xml; path = lincoln.kml; sourceTree = "<group>"; };
		FDBA54351AD867D000CD1087 /* lindavista.kml */ = {isa = PBXFileReference; fileEncoding = 4; lastKnownFileType = text.xml; path = lindavista.kml; sourceTree = "<group>"; };
		FDBA54361AD867D000CD1087 /* sanjeronimo.kml */ = {isa = PBXFileReference; fileEncoding = 4; lastKnownFileType = text.xml; path = sanjeronimo.kml; sourceTree = "<group>"; };
		FDBA543A1AD867D700CD1087 /* cumbres.kml */ = {isa = PBXFileReference; fileEncoding = 4; lastKnownFileType = text.xml; path = cumbres.kml; sourceTree = "<group>"; };
		FDBA543C1AD8680800CD1087 /* Main.storyboard */ = {isa = PBXFileReference; fileEncoding = 4; lastKnownFileType = file.storyboard; path = Main.storyboard; sourceTree = "<group>"; };
		FDBA54401AD86DBB00CD1087 /* valle3.kml */ = {isa = PBXFileReference; fileEncoding = 4; lastKnownFileType = text.xml; path = valle3.kml; sourceTree = "<group>"; };
		FDFF752B1AC08D7800A59196 /* RutasViewController.m */ = {isa = PBXFileReference; fileEncoding = 4; lastKnownFileType = sourcecode.c.objc; path = RutasViewController.m; sourceTree = "<group>"; };
		FDFF752D1AC08E3100A59196 /* GoogleMaps.framework */ = {isa = PBXFileReference; lastKnownFileType = wrapper.framework; name = GoogleMaps.framework; path = myapp/GoogleMaps.framework; sourceTree = "<group>"; };
		FDFF75311AC08E7200A59196 /* CoreData.framework */ = {isa = PBXFileReference; lastKnownFileType = wrapper.framework; name = CoreData.framework; path = System/Library/Frameworks/CoreData.framework; sourceTree = SDKROOT; };
		FDFF75331AC08E7800A59196 /* CoreLocation.framework */ = {isa = PBXFileReference; lastKnownFileType = wrapper.framework; name = CoreLocation.framework; path = System/Library/Frameworks/CoreLocation.framework; sourceTree = SDKROOT; };
		FDFF75351AC08E8100A59196 /* AVFoundation.framework */ = {isa = PBXFileReference; lastKnownFileType = wrapper.framework; name = AVFoundation.framework; path = System/Library/Frameworks/AVFoundation.framework; sourceTree = SDKROOT; };
		FDFF75371AC08EA100A59196 /* CoreText.framework */ = {isa = PBXFileReference; lastKnownFileType = wrapper.framework; name = CoreText.framework; path = System/Library/Frameworks/CoreText.framework; sourceTree = SDKROOT; };
		FDFF75391AC08EAF00A59196 /* GLKit.framework */ = {isa = PBXFileReference; lastKnownFileType = wrapper.framework; name = GLKit.framework; path = System/Library/Frameworks/GLKit.framework; sourceTree = SDKROOT; };
		FDFF753B1AC08EB900A59196 /* ImageIO.framework */ = {isa = PBXFileReference; lastKnownFileType = wrapper.framework; name = ImageIO.framework; path = System/Library/Frameworks/ImageIO.framework; sourceTree = SDKROOT; };
		FDFF753D1AC08EC700A59196 /* libc++.dylib */ = {isa = PBXFileReference; lastKnownFileType = "compiled.mach-o.dylib"; name = "libc++.dylib"; path = "usr/lib/libc++.dylib"; sourceTree = SDKROOT; };
		FDFF753F1AC08ED600A59196 /* libicucore.dylib */ = {isa = PBXFileReference; lastKnownFileType = "compiled.mach-o.dylib"; name = libicucore.dylib; path = usr/lib/libicucore.dylib; sourceTree = SDKROOT; };
		FDFF75411AC08EE200A59196 /* libz.dylib */ = {isa = PBXFileReference; lastKnownFileType = "compiled.mach-o.dylib"; name = libz.dylib; path = usr/lib/libz.dylib; sourceTree = SDKROOT; };
		FDFF75431AC08EEB00A59196 /* OpenGLES.framework */ = {isa = PBXFileReference; lastKnownFileType = wrapper.framework; name = OpenGLES.framework; path = System/Library/Frameworks/OpenGLES.framework; sourceTree = SDKROOT; };
		FDFF75451AC08EF500A59196 /* QuartzCore.framework */ = {isa = PBXFileReference; lastKnownFileType = wrapper.framework; name = QuartzCore.framework; path = System/Library/Frameworks/QuartzCore.framework; sourceTree = SDKROOT; };
		FDFF75471AC08F0000A59196 /* SystemConfiguration.framework */ = {isa = PBXFileReference; lastKnownFileType = wrapper.framework; name = SystemConfiguration.framework; path = System/Library/Frameworks/SystemConfiguration.framework; sourceTree = SDKROOT; };
/* End PBXFileReference section */

/* Begin PBXFrameworksBuildPhase section */
		FD315F7A1ABBA9D600407AD1 /* Frameworks */ = {
			isa = PBXFrameworksBuildPhase;
			buildActionMask = 2147483647;
			files = (
				FD68A7C91AD721440035E5E3 /* MapKit.framework in Frameworks */,
				FD68A7C71AD7213A0035E5E3 /* UIKit.framework in Frameworks */,
				FD68A7C51AD7212E0035E5E3 /* Foundation.framework in Frameworks */,
				FD68A7C31AD721250035E5E3 /* CoreGraphics.framework in Frameworks */,
				FD68CB1A1AC33314009FCD93 /* Security.framework in Frameworks */,
				FD68CB181AC3330A009FCD93 /* CFNetwork.framework in Frameworks */,
				FDFF75481AC08F0000A59196 /* SystemConfiguration.framework in Frameworks */,
				FDFF75461AC08EF500A59196 /* QuartzCore.framework in Frameworks */,
				FDFF75441AC08EEB00A59196 /* OpenGLES.framework in Frameworks */,
				FD68CB161AC332DB009FCD93 /* Firebase.framework in Frameworks */,
				FDFF75421AC08EE200A59196 /* libz.dylib in Frameworks */,
				FDFF75401AC08ED600A59196 /* libicucore.dylib in Frameworks */,
				FDFF753E1AC08EC700A59196 /* libc++.dylib in Frameworks */,
				FDFF753C1AC08EB900A59196 /* ImageIO.framework in Frameworks */,
				FDFF753A1AC08EAF00A59196 /* GLKit.framework in Frameworks */,
				FDFF75381AC08EA100A59196 /* CoreText.framework in Frameworks */,
				FDFF75361AC08E8100A59196 /* AVFoundation.framework in Frameworks */,
				FDFF75341AC08E7800A59196 /* CoreLocation.framework in Frameworks */,
				FDFF75321AC08E7200A59196 /* CoreData.framework in Frameworks */,
				FDFF752E1AC08E3100A59196 /* GoogleMaps.framework in Frameworks */,
			);
			runOnlyForDeploymentPostprocessing = 0;
		};
		FD315F931ABBA9D600407AD1 /* Frameworks */ = {
			isa = PBXFrameworksBuildPhase;
			buildActionMask = 2147483647;
			files = (
			);
			runOnlyForDeploymentPostprocessing = 0;
		};
/* End PBXFrameworksBuildPhase section */

/* Begin PBXGroup section */
		FD315F741ABBA9D600407AD1 = {
			isa = PBXGroup;
			children = (
				FD8C3B991AD59E8300C47A02 /* Frameworks */,
				FD315F7F1ABBA9D600407AD1 /* myapp */,
				FD315F991ABBA9D600407AD1 /* myappTests */,
				FD315F7E1ABBA9D600407AD1 /* Products */,
			);
			sourceTree = "<group>";
		};
		FD315F7E1ABBA9D600407AD1 /* Products */ = {
			isa = PBXGroup;
			children = (
				FD315F7D1ABBA9D600407AD1 /* myapp.app */,
				FD315F961ABBA9D600407AD1 /* myappTests.xctest */,
			);
			name = Products;
			sourceTree = "<group>";
		};
		FD315F7F1ABBA9D600407AD1 /* myapp */ = {
			isa = PBXGroup;
			children = (
				FDBA542B1AD8640300CD1087 /* MasterTableViewController.h */,
				FDBA542C1AD8640300CD1087 /* MasterTableViewController.m */,
				FD68A7BF1AD720070035E5E3 /* KMLParser.h */,
				FD68A7C01AD720070035E5E3 /* KMLParser.m */,
				FD315F841ABBA9D600407AD1 /* AppDelegate.h */,
				FD315F851ABBA9D600407AD1 /* AppDelegate.m */,
				FD8C3B971AD59E5600C47A02 /* GoogleMaps.bundle */,
				FDBA543C1AD8680800CD1087 /* Main.storyboard */,
				FD2E74CC1AD6EA300064932D /* RutasViewController.h */,
				FDFF752B1AC08D7800A59196 /* RutasViewController.m */,
				FDBA542E1AD867C700CD1087 /* valle1.kml */,
				FDBA542F1AD867C700CD1087 /* valle2.kml */,
				FDBA54401AD86DBB00CD1087 /* valle3.kml */,
				FDBA54341AD867D000CD1087 /* lincoln.kml */,
				FDBA54351AD867D000CD1087 /* lindavista.kml */,
				FDBA54361AD867D000CD1087 /* sanjeronimo.kml */,
				FDBA543A1AD867D700CD1087 /* cumbres.kml */,
				FD68A7CA1AD7247B0035E5E3 /* sannicolas.kml */,
				FD315F8D1ABBA9D600407AD1 /* Images.xcassets */,
				FD315F8F1ABBA9D600407AD1 /* LaunchScreen.xib */,
				FD315F801ABBA9D600407AD1 /* Supporting Files */,
			);
			path = myapp;
			sourceTree = "<group>";
		};
		FD315F801ABBA9D600407AD1 /* Supporting Files */ = {
			isa = PBXGroup;
			children = (
				FD315F811ABBA9D600407AD1 /* Info.plist */,
				FD315F821ABBA9D600407AD1 /* main.m */,
			);
			name = "Supporting Files";
			sourceTree = "<group>";
		};
		FD315F991ABBA9D600407AD1 /* myappTests */ = {
			isa = PBXGroup;
			children = (
				FD315F9C1ABBA9D600407AD1 /* myappTests.m */,
				FD315F9A1ABBA9D600407AD1 /* Supporting Files */,
			);
			path = myappTests;
			sourceTree = "<group>";
		};
		FD315F9A1ABBA9D600407AD1 /* Supporting Files */ = {
			isa = PBXGroup;
			children = (
				FD315F9B1ABBA9D600407AD1 /* Info.plist */,
			);
			name = "Supporting Files";
			sourceTree = "<group>";
		};
		FD8C3B991AD59E8300C47A02 /* Frameworks */ = {
			isa = PBXGroup;
			children = (
				FDFF75331AC08E7800A59196 /* CoreLocation.framework */,
				FD68A7C81AD721440035E5E3 /* MapKit.framework */,
				FD68A7C61AD7213A0035E5E3 /* UIKit.framework */,
				FD68A7C41AD7212E0035E5E3 /* Foundation.framework */,
				FD68A7C21AD721250035E5E3 /* CoreGraphics.framework */,
				FD68CB191AC33314009FCD93 /* Security.framework */,
				FD68CB171AC3330A009FCD93 /* CFNetwork.framework */,
				FDFF75471AC08F0000A59196 /* SystemConfiguration.framework */,
				FDFF75451AC08EF500A59196 /* QuartzCore.framework */,
				FDFF75431AC08EEB00A59196 /* OpenGLES.framework */,
				FDFF75411AC08EE200A59196 /* libz.dylib */,
				FDFF753F1AC08ED600A59196 /* libicucore.dylib */,
				FDFF752D1AC08E3100A59196 /* GoogleMaps.framework */,
				FDFF753D1AC08EC700A59196 /* libc++.dylib */,
				FD68CB151AC332DB009FCD93 /* Firebase.framework */,
				FDFF753B1AC08EB900A59196 /* ImageIO.framework */,
				FDFF75391AC08EAF00A59196 /* GLKit.framework */,
				FDFF75371AC08EA100A59196 /* CoreText.framework */,
				FDFF75351AC08E8100A59196 /* AVFoundation.framework */,
				FDFF75311AC08E7200A59196 /* CoreData.framework */,
			);
			name = Frameworks;
			sourceTree = "<group>";
		};
/* End PBXGroup section */

/* Begin PBXNativeTarget section */
		FD315F7C1ABBA9D600407AD1 /* myapp */ = {
			isa = PBXNativeTarget;
			buildConfigurationList = FD315FA01ABBA9D600407AD1 /* Build configuration list for PBXNativeTarget "myapp" */;
			buildPhases = (
				FD315F791ABBA9D600407AD1 /* Sources */,
				FD315F7A1ABBA9D600407AD1 /* Frameworks */,
				FD315F7B1ABBA9D600407AD1 /* Resources */,
			);
			buildRules = (
			);
			dependencies = (
			);
			name = myapp;
			productName = myapp;
			productReference = FD315F7D1ABBA9D600407AD1 /* myapp.app */;
			productType = "com.apple.product-type.application";
		};
		FD315F951ABBA9D600407AD1 /* myappTests */ = {
			isa = PBXNativeTarget;
			buildConfigurationList = FD315FA31ABBA9D600407AD1 /* Build configuration list for PBXNativeTarget "myappTests" */;
			buildPhases = (
				FD315F921ABBA9D600407AD1 /* Sources */,
				FD315F931ABBA9D600407AD1 /* Frameworks */,
				FD315F941ABBA9D600407AD1 /* Resources */,
			);
			buildRules = (
			);
			dependencies = (
				FD315F981ABBA9D600407AD1 /* PBXTargetDependency */,
			);
			name = myappTests;
			productName = myappTests;
			productReference = FD315F961ABBA9D600407AD1 /* myappTests.xctest */;
			productType = "com.apple.product-type.bundle.unit-test";
		};
/* End PBXNativeTarget section */

/* Begin PBXProject section */
		FD315F751ABBA9D600407AD1 /* Project object */ = {
			isa = PBXProject;
			attributes = {
				LastUpgradeCheck = 0620;
				ORGANIZATIONNAME = "Carlos Salazar";
				TargetAttributes = {
					FD315F7C1ABBA9D600407AD1 = {
						CreatedOnToolsVersion = 6.2;
					};
					FD315F951ABBA9D600407AD1 = {
						CreatedOnToolsVersion = 6.2;
						TestTargetID = FD315F7C1ABBA9D600407AD1;
					};
				};
			};
			buildConfigurationList = FD315F781ABBA9D600407AD1 /* Build configuration list for PBXProject "myapp" */;
			compatibilityVersion = "Xcode 3.2";
			developmentRegion = English;
			hasScannedForEncodings = 0;
			knownRegions = (
				en,
				Base,
			);
			mainGroup = FD315F741ABBA9D600407AD1;
			productRefGroup = FD315F7E1ABBA9D600407AD1 /* Products */;
			projectDirPath = "";
			projectRoot = "";
			targets = (
				FD315F7C1ABBA9D600407AD1 /* myapp */,
				FD315F951ABBA9D600407AD1 /* myappTests */,
			);
		};
/* End PBXProject section */

/* Begin PBXResourcesBuildPhase section */
		FD315F7B1ABBA9D600407AD1 /* Resources */ = {
			isa = PBXResourcesBuildPhase;
			buildActionMask = 2147483647;
			files = (
				FDBA54311AD867C700CD1087 /* valle1.kml in Resources */,
				FDBA543B1AD867D700CD1087 /* cumbres.kml in Resources */,
				FDBA54321AD867C700CD1087 /* valle2.kml in Resources */,
				FDBA543D1AD8680800CD1087 /* Main.storyboard in Resources */,
				FD315F911ABBA9D600407AD1 /* LaunchScreen.xib in Resources */,
				FDBA54391AD867D000CD1087 /* sanjeronimo.kml in Resources */,
				FD68A7CB1AD7247B0035E5E3 /* sannicolas.kml in Resources */,
				FDBA54371AD867D000CD1087 /* lincoln.kml in Resources */,
				FD315F8E1ABBA9D600407AD1 /* Images.xcassets in Resources */,
				FD8C3B981AD59E5600C47A02 /* GoogleMaps.bundle in Resources */,
				FDBA54381AD867D000CD1087 /* lindavista.kml in Resources */,
				FDBA54411AD86DBB00CD1087 /* valle3.kml in Resources */,
			);
			runOnlyForDeploymentPostprocessing = 0;
		};
		FD315F941ABBA9D600407AD1 /* Resources */ = {
			isa = PBXResourcesBuildPhase;
			buildActionMask = 2147483647;
			files = (
			);
			runOnlyForDeploymentPostprocessing = 0;
		};
/* End PBXResourcesBuildPhase section */

/* Begin PBXSourcesBuildPhase section */
		FD315F791ABBA9D600407AD1 /* Sources */ = {
			isa = PBXSourcesBuildPhase;
			buildActionMask = 2147483647;
			files = (
				FDBA542D1AD8640300CD1087 /* MasterTableViewController.m in Sources */,
				FD68A7C11AD720070035E5E3 /* KMLParser.m in Sources */,
				FDFF752C1AC08D7800A59196 /* RutasViewController.m in Sources */,
				FD315F861ABBA9D600407AD1 /* AppDelegate.m in Sources */,
				FD315F831ABBA9D600407AD1 /* main.m in Sources */,
			);
			runOnlyForDeploymentPostprocessing = 0;
		};
		FD315F921ABBA9D600407AD1 /* Sources */ = {
			isa = PBXSourcesBuildPhase;
			buildActionMask = 2147483647;
			files = (
				FD315F9D1ABBA9D600407AD1 /* myappTests.m in Sources */,
			);
			runOnlyForDeploymentPostprocessing = 0;
		};
/* End PBXSourcesBuildPhase section */

/* Begin PBXTargetDependency section */
		FD315F981ABBA9D600407AD1 /* PBXTargetDependency */ = {
			isa = PBXTargetDependency;
			target = FD315F7C1ABBA9D600407AD1 /* myapp */;
			targetProxy = FD315F971ABBA9D600407AD1 /* PBXContainerItemProxy */;
		};
/* End PBXTargetDependency section */

/* Begin PBXVariantGroup section */
		FD315F8F1ABBA9D600407AD1 /* LaunchScreen.xib */ = {
			isa = PBXVariantGroup;
			children = (
				FD315F901ABBA9D600407AD1 /* Base */,
			);
			name = LaunchScreen.xib;
			sourceTree = "<group>";
		};
/* End PBXVariantGroup section */

/* Begin XCBuildConfiguration section */
		FD315F9E1ABBA9D600407AD1 /* Debug */ = {
			isa = XCBuildConfiguration;
			buildSettings = {
				ALWAYS_SEARCH_USER_PATHS = NO;
				CLANG_CXX_LANGUAGE_STANDARD = "gnu++0x";
				CLANG_CXX_LIBRARY = "libc++";
				CLANG_ENABLE_MODULES = YES;
				CLANG_ENABLE_OBJC_ARC = YES;
				CLANG_WARN_BOOL_CONVERSION = YES;
				CLANG_WARN_CONSTANT_CONVERSION = YES;
				CLANG_WARN_DIRECT_OBJC_ISA_USAGE = YES_ERROR;
				CLANG_WARN_EMPTY_BODY = YES;
				CLANG_WARN_ENUM_CONVERSION = YES;
				CLANG_WARN_INT_CONVERSION = YES;
				CLANG_WARN_OBJC_ROOT_CLASS = YES_ERROR;
				CLANG_WARN_UNREACHABLE_CODE = YES;
				CLANG_WARN__DUPLICATE_METHOD_MATCH = YES;
				"CODE_SIGN_IDENTITY[sdk=iphoneos*]" = "iPhone Developer";
				COPY_PHASE_STRIP = NO;
				ENABLE_STRICT_OBJC_MSGSEND = YES;
				GCC_C_LANGUAGE_STANDARD = gnu99;
				GCC_DYNAMIC_NO_PIC = NO;
				GCC_OPTIMIZATION_LEVEL = 0;
				GCC_PREPROCESSOR_DEFINITIONS = (
					"DEBUG=1",
					"$(inherited)",
				);
				GCC_SYMBOLS_PRIVATE_EXTERN = NO;
				GCC_WARN_64_TO_32_BIT_CONVERSION = YES;
				GCC_WARN_ABOUT_RETURN_TYPE = YES_ERROR;
				GCC_WARN_UNDECLARED_SELECTOR = YES;
				GCC_WARN_UNINITIALIZED_AUTOS = YES_AGGRESSIVE;
				GCC_WARN_UNUSED_FUNCTION = YES;
				GCC_WARN_UNUSED_VARIABLE = YES;
				IPHONEOS_DEPLOYMENT_TARGET = 8.2;
				MTL_ENABLE_DEBUG_INFO = YES;
				ONLY_ACTIVE_ARCH = YES;
				"OTHER_LDFLAGS[arch=*]" = "-ObjC";
				SDKROOT = iphoneos;
			};
			name = Debug;
		};
		FD315F9F1ABBA9D600407AD1 /* Release */ = {
			isa = XCBuildConfiguration;
			buildSettings = {
				ALWAYS_SEARCH_USER_PATHS = NO;
				CLANG_CXX_LANGUAGE_STANDARD = "gnu++0x";
				CLANG_CXX_LIBRARY = "libc++";
				CLANG_ENABLE_MODULES = YES;
				CLANG_ENABLE_OBJC_ARC = YES;
				CLANG_WARN_BOOL_CONVERSION = YES;
				CLANG_WARN_CONSTANT_CONVERSION = YES;
				CLANG_WARN_DIRECT_OBJC_ISA_USAGE = YES_ERROR;
				CLANG_WARN_EMPTY_BODY = YES;
				CLANG_WARN_ENUM_CONVERSION = YES;
				CLANG_WARN_INT_CONVERSION = YES;
				CLANG_WARN_OBJC_ROOT_CLASS = YES_ERROR;
				CLANG_WARN_UNREACHABLE_CODE = YES;
				CLANG_WARN__DUPLICATE_METHOD_MATCH = YES;
				"CODE_SIGN_IDENTITY[sdk=iphoneos*]" = "iPhone Developer";
				COPY_PHASE_STRIP = NO;
				ENABLE_NS_ASSERTIONS = NO;
				ENABLE_STRICT_OBJC_MSGSEND = YES;
				GCC_C_LANGUAGE_STANDARD = gnu99;
				GCC_WARN_64_TO_32_BIT_CONVERSION = YES;
				GCC_WARN_ABOUT_RETURN_TYPE = YES_ERROR;
				GCC_WARN_UNDECLARED_SELECTOR = YES;
				GCC_WARN_UNINITIALIZED_AUTOS = YES_AGGRESSIVE;
				GCC_WARN_UNUSED_FUNCTION = YES;
				GCC_WARN_UNUSED_VARIABLE = YES;
				IPHONEOS_DEPLOYMENT_TARGET = 8.2;
				MTL_ENABLE_DEBUG_INFO = NO;
				SDKROOT = iphoneos;
				VALIDATE_PRODUCT = YES;
			};
			name = Release;
		};
		FD315FA11ABBA9D600407AD1 /* Debug */ = {
			isa = XCBuildConfiguration;
			buildSettings = {
				ASSETCATALOG_COMPILER_APPICON_NAME = AppIcon;
				FRAMEWORK_SEARCH_PATHS = (
					"$(inherited)",
					"$(PROJECT_DIR)/myapp",
					"$(PROJECT_DIR)",
				);
				INFOPLIST_FILE = myapp/Info.plist;
				IPHONEOS_DEPLOYMENT_TARGET = 8.1;
				LD_RUNPATH_SEARCH_PATHS = "$(inherited) @executable_path/Frameworks";
				PRODUCT_NAME = "$(TARGET_NAME)";
			};
			name = Debug;
		};
		FD315FA21ABBA9D600407AD1 /* Release */ = {
			isa = XCBuildConfiguration;
			buildSettings = {
				ASSETCATALOG_COMPILER_APPICON_NAME = AppIcon;
				FRAMEWORK_SEARCH_PATHS = (
					"$(inherited)",
					"$(PROJECT_DIR)/myapp",
					"$(PROJECT_DIR)",
				);
				INFOPLIST_FILE = myapp/Info.plist;
				IPHONEOS_DEPLOYMENT_TARGET = 8.1;
				LD_RUNPATH_SEARCH_PATHS = "$(inherited) @executable_path/Frameworks";
				PRODUCT_NAME = "$(TARGET_NAME)";
			};
			name = Release;
		};
		FD315FA41ABBA9D600407AD1 /* Debug */ = {
			isa = XCBuildConfiguration;
			buildSettings = {
				BUNDLE_LOADER = "$(TEST_HOST)";
				FRAMEWORK_SEARCH_PATHS = (
					"$(SDKROOT)/Developer/Library/Frameworks",
					"$(inherited)",
				);
				GCC_PREPROCESSOR_DEFINITIONS = (
					"DEBUG=1",
					"$(inherited)",
				);
				INFOPLIST_FILE = myappTests/Info.plist;
				LD_RUNPATH_SEARCH_PATHS = "$(inherited) @executable_path/Frameworks @loader_path/Frameworks";
				PRODUCT_NAME = "$(TARGET_NAME)";
				TEST_HOST = "$(BUILT_PRODUCTS_DIR)/myapp.app/myapp";
			};
			name = Debug;
		};
		FD315FA51ABBA9D600407AD1 /* Release */ = {
			isa = XCBuildConfiguration;
			buildSettings = {
				BUNDLE_LOADER = "$(TEST_HOST)";
				FRAMEWORK_SEARCH_PATHS = (
					"$(SDKROOT)/Developer/Library/Frameworks",
					"$(inherited)",
				);
				INFOPLIST_FILE = myappTests/Info.plist;
				LD_RUNPATH_SEARCH_PATHS = "$(inherited) @executable_path/Frameworks @loader_path/Frameworks";
				PRODUCT_NAME = "$(TARGET_NAME)";
				TEST_HOST = "$(BUILT_PRODUCTS_DIR)/myapp.app/myapp";
			};
			name = Release;
		};
/* End XCBuildConfiguration section */

/* Begin XCConfigurationList section */
		FD315F781ABBA9D600407AD1 /* Build configuration list for PBXProject "myapp" */ = {
			isa = XCConfigurationList;
			buildConfigurations = (
				FD315F9E1ABBA9D600407AD1 /* Debug */,
				FD315F9F1ABBA9D600407AD1 /* Release */,
			);
			defaultConfigurationIsVisible = 0;
			defaultConfigurationName = Release;
		};
		FD315FA01ABBA9D600407AD1 /* Build configuration list for PBXNativeTarget "myapp" */ = {
			isa = XCConfigurationList;
			buildConfigurations = (
				FD315FA11ABBA9D600407AD1 /* Debug */,
				FD315FA21ABBA9D600407AD1 /* Release */,
			);
			defaultConfigurationIsVisible = 0;
			defaultConfigurationName = Release;
		};
		FD315FA31ABBA9D600407AD1 /* Build configuration list for PBXNativeTarget "myappTests" */ = {
			isa = XCConfigurationList;
			buildConfigurations = (
				FD315FA41ABBA9D600407AD1 /* Debug */,
				FD315FA51ABBA9D600407AD1 /* Release */,
			);
			defaultConfigurationIsVisible = 0;
			defaultConfigurationName = Release;
		};
/* End XCConfigurationList section */
	};
	rootObject = FD315F751ABBA9D600407AD1 /* Project object */;
}
